
Microsoft Visual Studio Solution File, Format Version 12.00
# Visual Studio Version 17
VisualStudioVersion = 17.5.33502.453
MinimumVisualStudioVersion = 10.0.40219.1
Project("{9A19103F-16F7-4668-BE54-9A1E7A4F7556}") = "CodeGen", "CodeGen\CodeGen.csproj", "{62B32A26-BED0-4300-800B-B49B6A53E1C6}"
EndProject
Project("{9A19103F-16F7-4668-BE54-9A1E7A4F7556}") = "TestProject", "TestProject\TestProject.csproj", "{9C15A838-8DD0-4605-BE35-047DB7BB0BBD}"
EndProject
Project("{FAE04EC0-301F-11D3-BF4B-00C04F79EFBC}") = "LogicGen", "LogicGen\LogicGen.csproj", "{77CA6839-EBD3-4A51-A45C-BCDE72B10927}"
EndProject
Global
	GlobalSection(SolutionConfigurationPlatforms) = preSolution
		Debug|Any CPU = Debug|Any CPU
		Release|Any CPU = Release|Any CPU
	EndGlobalSection
	GlobalSection(ProjectConfigurationPlatforms) = postSolution
		{62B32A26-BED0-4300-800B-B49B6A53E1C6}.Debug|Any CPU.ActiveCfg = Debug|Any CPU
		{62B32A26-BED0-4300-800B-B49B6A53E1C6}.Debug|Any CPU.Build.0 = Debug|Any CPU
		{62B32A26-BED0-4300-800B-B49B6A53E1C6}.Release|Any CPU.ActiveCfg = Release|Any CPU
		{62B32A26-BED0-4300-800B-B49B6A53E1C6}.Release|Any CPU.Build.0 = Release|Any CPU
		{9C15A838-8DD0-4605-BE35-047DB7BB0BBD}.Debug|Any CPU.ActiveCfg = Debug|Any CPU
		{9C15A838-8DD0-4605-BE35-047DB7BB0BBD}.Debug|Any CPU.Build.0 = Debug|Any CPU
		{9C15A838-8DD0-4605-BE35-047DB7BB0BBD}.Release|Any CPU.ActiveCfg = Release|Any CPU
		{9C15A838-8DD0-4605-BE35-047DB7BB0BBD}.Release|Any CPU.Build.0 = Release|Any CPU
		{77CA6839-EBD3-4A51-A45C-BCDE72B10927}.Debug|Any CPU.ActiveCfg = Debug|Any CPU
		{77CA6839-EBD3-4A51-A45C-BCDE72B10927}.Debug|Any CPU.Build.0 = Debug|Any CPU
		{77CA6839-EBD3-4A51-A45C-BCDE72B10927}.Release|Any CPU.ActiveCfg = Release|Any CPU
		{77CA6839-EBD3-4A51-A45C-BCDE72B10927}.Release|Any CPU.Build.0 = Release|Any CPU
	EndGlobalSection
	GlobalSection(SolutionProperties) = preSolution
		HideSolutionNode = FALSE
	EndGlobalSection
	GlobalSection(ExtensibilityGlobals) = postSolution
		SolutionGuid = {B7E9ECFA-5D8E-4B61-A192-397CD2516F10}
	EndGlobalSection
EndGlobal
