{
    "name": "type-resolver",
    "version": "1.0.0",
    "lockfileVersion": 3,
    "requires": true,
    "packages": {
        "": {
            "name": "type-resolver",
            "version": "1.0.0",
            "license": "ISC",
            "dependencies": {
                "nanoid": "^4.0.2",
                "nanoid-dictionary": "^4.3.0"
            },
            "devDependencies": {
                "prettier": "2.8.8"
            }
        },
        "node_modules/nanoid": {
            "version": "4.0.2",
            "resolved": "https://registry.npmjs.org/nanoid/-/nanoid-4.0.2.tgz",
            "integrity": "sha512-7ZtY5KTCNheRGfEFxnedV5zFiORN1+Y1N6zvPTnHQd8ENUvfaDBeuJDZb2bN/oXwXxu3qkTXDzy57W5vAmDTBw==",
            "funding": [
                {
                    "type": "github",
                    "url": "https://github.com/sponsors/ai"
                }
            ],
            "bin": {
                "nanoid": "bin/nanoid.js"
            },
            "engines": {
                "node": "^14 || ^16 || >=18"
            }
        },
        "node_modules/nanoid-dictionary": {
            "version": "4.3.0",
            "resolved": "https://registry.npmjs.org/nanoid-dictionary/-/nanoid-dictionary-4.3.0.tgz",
            "integrity": "sha512-Xw1+/QnRGWO1KJ0rLfU1xR85qXmAHyLbE3TUkklu9gOIDburP6CsUnLmTaNECGpBh5SHb2uPFmx0VT8UPyoeyw=="
        },
        "node_modules/prettier": {
            "version": "2.8.8",
            "resolved": "https://registry.npmjs.org/prettier/-/prettier-2.8.8.tgz",
            "integrity": "sha512-tdN8qQGvNjw4CHbY+XXk0JgCXn9QiF21a55rBe5LJAU+kDyC4WQn4+awm2Xfk2lQMk5fKup9XgzTZtGkjBdP9Q==",
            "dev": true,
            "bin": {
                "prettier": "bin-prettier.js"
            },
            "engines": {
                "node": ">=10.13.0"
            },
            "funding": {
                "url": "https://github.com/prettier/prettier?sponsor=1"
            }
        }
    }
}
